{
    "_readme": [
        "This file locks the dependencies of your project to a known state",
        "Read more about it at https://getcomposer.org/doc/01-basic-usage.md#installing-dependencies",
        "This file is @generated automatically"
    ],
    "content-hash": "a7fc777c6834778e22008b8d87270829",
    "packages": [
        {
            "name": "dragonmantank/cron-expression",
            "version": "v3.4.0",
            "source": {
                "type": "git",
                "url": "https://github.com/dragonmantank/cron-expression.git",
                "reference": "8c784d071debd117328803d86b2097615b457500"
            },
            "dist": {
                "type": "zip",
                "url": "https://api.github.com/repos/dragonmantank/cron-expression/zipball/8c784d071debd117328803d86b2097615b457500",
                "reference": "8c784d071debd117328803d86b2097615b457500",
                "shasum": ""
            },
            "require": {
                "php": "^7.2|^8.0",
                "webmozart/assert": "^1.0"
            },
            "replace": {
                "mtdowling/cron-expression": "^1.0"
            },
            "require-dev": {
                "phpstan/extension-installer": "^1.0",
                "phpstan/phpstan": "^1.0",
                "phpunit/phpunit": "^7.0|^8.0|^9.0"
            },
            "type": "library",
            "extra": {
                "branch-alias": {
                    "dev-master": "3.x-dev"
                }
            },
            "autoload": {
                "psr-4": {
                    "Cron\\": "src/Cron/"
                }
            },
            "notification-url": "https://packagist.org/downloads/",
            "license": [
                "MIT"
            ],
            "authors": [
                {
                    "name": "Chris Tankersley",
                    "email": "chris@ctankersley.com",
                    "homepage": "https://github.com/dragonmantank"
                }
            ],
            "description": "CRON for PHP: Calculate the next or previous run date and determine if a CRON expression is due",
            "keywords": [
                "cron",
                "schedule"
            ],
            "support": {
                "issues": "https://github.com/dragonmantank/cron-expression/issues",
                "source": "https://github.com/dragonmantank/cron-expression/tree/v3.4.0"
            },
            "funding": [
                {
                    "url": "https://github.com/dragonmantank",
                    "type": "github"
                }
            ],
            "time": "2024-10-09T13:47:03+00:00"
        },
        {
            "name": "phpmailer/phpmailer",
            "version": "v6.10.0",
            "source": {
                "type": "git",
                "url": "https://github.com/PHPMailer/PHPMailer.git",
                "reference": "bf74d75a1fde6beaa34a0ddae2ec5fce0f72a144"
            },
            "dist": {
                "type": "zip",
                "url": "https://api.github.com/repos/PHPMailer/PHPMailer/zipball/bf74d75a1fde6beaa34a0ddae2ec5fce0f72a144",
                "reference": "bf74d75a1fde6beaa34a0ddae2ec5fce0f72a144",
                "shasum": ""
            },
            "require": {
                "ext-ctype": "*",
                "ext-filter": "*",
                "ext-hash": "*",
                "php": ">=5.5.0"
            },
            "require-dev": {
                "dealerdirect/phpcodesniffer-composer-installer": "^1.0",
                "doctrine/annotations": "^1.2.6 || ^1.13.3",
                "php-parallel-lint/php-console-highlighter": "^1.0.0",
                "php-parallel-lint/php-parallel-lint": "^1.3.2",
                "phpcompatibility/php-compatibility": "^9.3.5",
                "roave/security-advisories": "dev-latest",
                "squizlabs/php_codesniffer": "^3.7.2",
                "yoast/phpunit-polyfills": "^1.0.4"
            },
            "suggest": {
                "decomplexity/SendOauth2": "Adapter for using XOAUTH2 authentication",
                "ext-mbstring": "Needed to send email in multibyte encoding charset or decode encoded addresses",
                "ext-openssl": "Needed for secure SMTP sending and DKIM signing",
                "greew/oauth2-azure-provider": "Needed for Microsoft Azure XOAUTH2 authentication",
                "hayageek/oauth2-yahoo": "Needed for Yahoo XOAUTH2 authentication",
                "league/oauth2-google": "Needed for Google XOAUTH2 authentication",
                "psr/log": "For optional PSR-3 debug logging",
                "symfony/polyfill-mbstring": "To support UTF-8 if the Mbstring PHP extension is not enabled (^1.2)",
                "thenetworg/oauth2-azure": "Needed for Microsoft XOAUTH2 authentication"
            },
            "type": "library",
            "autoload": {
                "psr-4": {
                    "PHPMailer\\PHPMailer\\": "src/"
                }
            },
            "notification-url": "https://packagist.org/downloads/",
            "license": [
                "LGPL-2.1-only"
            ],
            "authors": [
                {
                    "name": "Marcus Bointon",
                    "email": "phpmailer@synchromedia.co.uk"
                },
                {
                    "name": "Jim Jagielski",
                    "email": "jimjag@gmail.com"
                },
                {
                    "name": "Andy Prevost",
                    "email": "codeworxtech@users.sourceforge.net"
                },
                {
                    "name": "Brent R. Matzelle"
                }
            ],
            "description": "PHPMailer is a full-featured email creation and transfer class for PHP",
            "support": {
                "issues": "https://github.com/PHPMailer/PHPMailer/issues",
                "source": "https://github.com/PHPMailer/PHPMailer/tree/v6.10.0"
            },
            "funding": [
                {
                    "url": "https://github.com/Synchro",
                    "type": "github"
                }
            ],
            "time": "2025-04-24T15:19:31+00:00"
        },
        {
            "name": "roy404/artisan",
            "version": "v1.2.4",
            "source": {
                "type": "git",
                "url": "https://github.com/roycanales17/PHP-CLI-Artisan.git",
                "reference": "4df8476d6694fa354abbf7d27530a00bda93145d"
            },
            "dist": {
                "type": "zip",
                "url": "https://api.github.com/repos/roycanales17/PHP-CLI-Artisan/zipball/4df8476d6694fa354abbf7d27530a00bda93145d",
                "reference": "4df8476d6694fa354abbf7d27530a00bda93145d",
                "shasum": ""
            },
            "require": {
                "dragonmantank/cron-expression": "^3.4",
                "php": "^8.0"
            },
            "type": "library",
            "autoload": {
                "psr-4": {
                    "App\\Console\\": "src/",
                    "App\\Console\\Commands\\": "commands/"
                }
            },
            "notification-url": "https://packagist.org/downloads/",
            "license": [
                "MIT"
            ],
            "authors": [
                {
                    "name": "Robroy B Canales",
                    "email": "canales.robroy123@gmail.com"
                }
            ],
            "description": "A custom Artisan-like command runner for web environments. Run your Artisan commands from the browser or other interfaces.",
            "keywords": [
                "console",
                "php"
            ],
            "support": {
                "issues": "https://github.com/roycanales17/PHP-CLI-Artisan/issues",
                "source": "https://github.com/roycanales17/PHP-CLI-Artisan/tree/v1.2.4"
            },
            "time": "2025-09-28T03:58:37+00:00"
        },
        {
            "name": "roy404/blades",
            "version": "v1.3.4",
            "source": {
                "type": "git",
                "url": "https://github.com/roycanales17/PHP-Blades-Compiler.git",
                "reference": "5e184f0f4d901e588fc64f066b9118843beab562"
            },
            "dist": {
                "type": "zip",
                "url": "https://api.github.com/repos/roycanales17/PHP-Blades-Compiler/zipball/5e184f0f4d901e588fc64f066b9118843beab562",
                "reference": "5e184f0f4d901e588fc64f066b9118843beab562",
                "shasum": ""
            },
            "require": {
                "php": "^8.0"
            },
            "type": "library",
            "autoload": {
                "psr-4": {
                    "App\\View\\Compilers\\": "src/",
                    "App\\View\\Compilers\\Scheme\\": "src/scheme",
                    "App\\View\\Compilers\\Builder\\": "src/builder",
                    "App\\View\\Compilers\\Templates\\": "src/templates"
                }
            },
            "notification-url": "https://packagist.org/downloads/",
            "license": [
                "MIT"
            ],
            "authors": [
                {
                    "name": "Robroy B Canales",
                    "email": "canales.robroy123@gmail.com"
                }
            ],
            "description": "A PHP library that provides Blade-like templating functionality, enabling seamless integration of Blade syntax and components.",
            "keywords": [
                "compiler",
                "php"
            ],
            "support": {
                "issues": "https://github.com/roycanales17/PHP-Blades-Compiler/issues",
                "source": "https://github.com/roycanales17/PHP-Blades-Compiler/tree/v1.3.4"
            },
            "time": "2025-09-23T07:27:12+00:00"
        },
        {
            "name": "roy404/eloquent",
            "version": "v1.2.3",
            "source": {
                "type": "git",
                "url": "https://github.com/roycanales17/Database-ORM.git",
                "reference": "207936b29d727eeb60ce20d5a8e7bc3c7d922950"
            },
            "dist": {
                "type": "zip",
                "url": "https://api.github.com/repos/roycanales17/Database-ORM/zipball/207936b29d727eeb60ce20d5a8e7bc3c7d922950",
                "reference": "207936b29d727eeb60ce20d5a8e7bc3c7d922950",
                "shasum": ""
            },
            "require": {
                "php": "^8.1"
            },
            "type": "library",
            "autoload": {
                "psr-4": {
                    "App\\Databases\\": "Databases/",
                    "App\\Databases\\Facade\\": "Databases/Facade/",
                    "App\\Databases\\Handler\\": "Databases/Handler/",
                    "App\\Databases\\Handler\\Eloquent\\": "Databases/Handler/Eloquent",
                    "App\\Databases\\Handler\\Blueprints\\": "Databases/Handler/Blueprints"
                }
            },
            "notification-url": "https://packagist.org/downloads/",
            "license": [
                "MIT"
            ],
            "authors": [
                {
                    "name": "Robroy Canales",
                    "email": "canales.robroy123@gmail.com"
                }
            ],
            "description": "Eloquent is the default ORM (Object-Relational Mapping). It provides a simple ActiveRecord implementation for working with your database. With Eloquent, you can define database models as classes, and interact with the database using these models, rather than writing raw SQL queries.",
            "keywords": [
                "php",
                "plugins"
            ],
            "support": {
                "issues": "https://github.com/roycanales17/Database-ORM/issues",
                "source": "https://github.com/roycanales17/Database-ORM/tree/v1.2.3"
            },
            "time": "2025-09-22T09:11:04+00:00"
        },
        {
            "name": "roy404/request",
            "version": "v3.1.1",
            "source": {
                "type": "git",
                "url": "https://github.com/roycanales17/Input-Request.git",
                "reference": "58b07c87d76730aeed1bf0a26bd6050963c9cca7"
            },
            "dist": {
                "type": "zip",
                "url": "https://api.github.com/repos/roycanales17/Input-Request/zipball/58b07c87d76730aeed1bf0a26bd6050963c9cca7",
                "reference": "58b07c87d76730aeed1bf0a26bd6050963c9cca7",
                "shasum": ""
            },
            "require": {
                "php": "^8.0"
            },
            "type": "library",
            "autoload": {
                "files": [
                    "src/Standard.php"
                ],
                "psr-4": {
                    "App\\Headers\\": "src/",
                    "App\\Headers\\Scheme\\": "src/scheme",
                    "App\\Headers\\Requests\\": "src/requests",
                    "App\\Headers\\Scheme\\Validation\\": "src/scheme/validation"
                }
            },
            "notification-url": "https://packagist.org/downloads/",
            "license": [
                "MIT"
            ],
            "authors": [
                {
                    "name": "Robroy Canales",
                    "email": "canales.robroy123@gmail.com"
                }
            ],
            "description": "Request class provides an object-oriented way to interact with the current HTTP request being handled by your application as well as retrieve the input, and files that were submitted with the request.",
            "keywords": [
                "php",
                "plugins"
            ],
            "support": {
                "issues": "https://github.com/roycanales17/Input-Request/issues",
                "source": "https://github.com/roycanales17/Input-Request/tree/v3.1.1"
            },
            "time": "2025-06-12T01:31:29+00:00"
        },
        {
            "name": "roy404/routes",
            "version": "v4.1.3",
            "source": {
                "type": "git",
                "url": "https://github.com/roycanales17/PHP-Routes.git",
                "reference": "ed4da8ebdd5cc854f6ead6ccfd23da08675b6d3d"
            },
            "dist": {
                "type": "zip",
                "url": "https://api.github.com/repos/roycanales17/PHP-Routes/zipball/ed4da8ebdd5cc854f6ead6ccfd23da08675b6d3d",
                "reference": "ed4da8ebdd5cc854f6ead6ccfd23da08675b6d3d",
                "shasum": ""
            },
            "require": {
                "php": "^8.0"
            },
            "type": "library",
            "autoload": {
                "psr-4": {
                    "App\\Routes\\": "src/"
                }
            },
            "notification-url": "https://packagist.org/downloads/",
            "license": [
                "MIT"
            ],
            "authors": [
                {
                    "name": "Robroy Canales",
                    "email": "canales.robroy123@gmail.com",
                    "homepage": "https://github.com/roycanales17",
                    "role": "Developer"
                }
            ],
            "description": "A routing library that provides an intuitive, object-oriented way to define and manage HTTP routes in your PHP application, supporting route grouping, middleware, and custom route handling.",
            "keywords": [
                "http",
                "middleware",
                "php",
                "routing"
            ],
            "support": {
                "issues": "https://github.com/roycanales17/PHP-Routes/issues",
                "source": "https://github.com/roycanales17/PHP-Routes/tree/v4.1.3"
            },
            "time": "2025-09-17T15:17:39+00:00"
        },
        {
            "name": "webmozart/assert",
            "version": "1.11.0",
            "source": {
                "type": "git",
                "url": "https://github.com/webmozarts/assert.git",
                "reference": "11cb2199493b2f8a3b53e7f19068fc6aac760991"
            },
            "dist": {
                "type": "zip",
                "url": "https://api.github.com/repos/webmozarts/assert/zipball/11cb2199493b2f8a3b53e7f19068fc6aac760991",
                "reference": "11cb2199493b2f8a3b53e7f19068fc6aac760991",
                "shasum": ""
            },
            "require": {
                "ext-ctype": "*",
                "php": "^7.2 || ^8.0"
            },
            "conflict": {
                "phpstan/phpstan": "<0.12.20",
                "vimeo/psalm": "<4.6.1 || 4.6.2"
            },
            "require-dev": {
                "phpunit/phpunit": "^8.5.13"
            },
            "type": "library",
            "extra": {
                "branch-alias": {
                    "dev-master": "1.10-dev"
                }
            },
            "autoload": {
                "psr-4": {
                    "Webmozart\\Assert\\": "src/"
                }
            },
            "notification-url": "https://packagist.org/downloads/",
            "license": [
                "MIT"
            ],
            "authors": [
                {
                    "name": "Bernhard Schussek",
                    "email": "bschussek@gmail.com"
                }
            ],
            "description": "Assertions to validate method input/output with nice error messages.",
            "keywords": [
                "assert",
                "check",
                "validate"
            ],
            "support": {
                "issues": "https://github.com/webmozarts/assert/issues",
                "source": "https://github.com/webmozarts/assert/tree/1.11.0"
            },
            "time": "2022-06-03T18:03:27+00:00"
        }
    ],
    "packages-dev": [],
    "aliases": [],
    "minimum-stability": "dev",
    "stability-flags": {},
    "prefer-stable": true,
    "prefer-lowest": false,
    "platform": {
        "php": "^8.1"
    },
    "platform-dev": {},
    "plugin-api-version": "2.6.0"
}
